PODS:
  - QCloudCore (5.7.3):
    - QCloudCore/Default (= 5.7.3)
  - QCloudCore/Default (5.7.3)
  - QCloudCOSXML (5.7.3):
    - QCloudCOSXML/Default (= 5.7.3)
  - QCloudCOSXML/Default (5.7.3):
    - QCloudCore (= 5.7.3)

DEPENDENCIES:
  - QCloudCore (from `../../Libs/QCloudCore`)
  - QCloudCOSXML (from `../../BisnessComponents/COSXML/QCloudCOSXML`)

EXTERNAL SOURCES:
  QCloudCore:
    :path: "../../Libs/QCloudCore"
  QCloudCOSXML:
    :path: "../../BisnessComponents/COSXML/QCloudCOSXML"

SPEC CHECKSUMS:
  QCloudCore: 42b981405cebd2622fc6f1e922dd4eb7b7de33b8
  QCloudCOSXML: 466798e5beef71256ad3a80031d3d2879dbd28c6

PODFILE CHECKSUM: aee8aca6b24c82435b2fd5f3e7caba55f9b8267a

COCOAPODS: 1.9.1
