// !$*UTF8*$!
{
	archiveVersion = 1;
	classes = {
	};
	objectVersion = 50;
	objects = {

/* Begin PBXBuildFile section */
		76FA7FF4F1EB32901A7F50ED /* Pods_QCloudCOSXMLSwfitDemo.framework in Frameworks */ = {isa = PBXBuildFile; fileRef = 624010B7CA310E54DACF093E /* Pods_QCloudCOSXMLSwfitDemo.framework */; };
		7F00FF88238FE56600E189C2 /* QCloudCOSXMLRegionsController.swift in Sources */ = {isa = PBXBuildFile; fileRef = 7F00FF87238FE56600E189C2 /* QCloudCOSXMLRegionsController.swift */; };
		7F00FF8A238FEC8000E189C2 /* QCloudUploadController.swift in Sources */ = {isa = PBXBuildFile; fileRef = 7F00FF89238FEC8000E189C2 /* QCloudUploadController.swift */; };
		7F00FF8C238FED2500E189C2 /* QCloudTransferController.swift in Sources */ = {isa = PBXBuildFile; fileRef = 7F00FF8B238FED2500E189C2 /* QCloudTransferController.swift */; };
		7F00FF8E238FEEC000E189C2 /* QCloudDownloadController.swift in Sources */ = {isa = PBXBuildFile; fileRef = 7F00FF8D238FEEC000E189C2 /* QCloudDownloadController.swift */; };
		7F00FF902390B14300E189C2 /* utils.swift in Sources */ = {isa = PBXBuildFile; fileRef = 7F00FF8F2390B14300E189C2 /* utils.swift */; };
		7F00FF922391001200E189C2 /* cos_config.swift in Sources */ = {isa = PBXBuildFile; fileRef = 7F00FF912391001200E189C2 /* cos_config.swift */; };
		7F00FF942391042300E189C2 /* QCloudCOSXMLServiceConfiguration.swift in Sources */ = {isa = PBXBuildFile; fileRef = 7F00FF932391042300E189C2 /* QCloudCOSXMLServiceConfiguration.swift */; };
		7F3772C8238E073A005E53D7 /* AppDelegate.swift in Sources */ = {isa = PBXBuildFile; fileRef = 7F3772C7238E073A005E53D7 /* AppDelegate.swift */; };
		7F3772CC238E073A005E53D7 /* ViewController.swift in Sources */ = {isa = PBXBuildFile; fileRef = 7F3772CB238E073A005E53D7 /* ViewController.swift */; };
		7F3772CF238E073A005E53D7 /* Main.storyboard in Resources */ = {isa = PBXBuildFile; fileRef = 7F3772CD238E073A005E53D7 /* Main.storyboard */; };
		7F3772D1238E073C005E53D7 /* Assets.xcassets in Resources */ = {isa = PBXBuildFile; fileRef = 7F3772D0238E073C005E53D7 /* Assets.xcassets */; };
		7F3772D4238E073C005E53D7 /* LaunchScreen.storyboard in Resources */ = {isa = PBXBuildFile; fileRef = 7F3772D2238E073C005E53D7 /* LaunchScreen.storyboard */; };
		7F3772DF238E073C005E53D7 /* QCloudCOSXMLSwfitDemoTests.swift in Sources */ = {isa = PBXBuildFile; fileRef = 7F3772DE238E073C005E53D7 /* QCloudCOSXMLSwfitDemoTests.swift */; };
		7F3772EC238F6713005E53D7 /* COS.swift in Sources */ = {isa = PBXBuildFile; fileRef = 7F3772EB238F6713005E53D7 /* COS.swift */; };
		7F5848F523911F9200CC65BB /* QCloudFileDetailController.swift in Sources */ = {isa = PBXBuildFile; fileRef = 7F5848F423911F9200CC65BB /* QCloudFileDetailController.swift */; };
		7F5848F72391202100CC65BB /* QCloudDownloadedFileInfo.swift in Sources */ = {isa = PBXBuildFile; fileRef = 7F5848F62391202100CC65BB /* QCloudDownloadedFileInfo.swift */; };
		7FA4B68523A388A30022CAC6 /* Bucketest.swift in Sources */ = {isa = PBXBuildFile; fileRef = 7FA4B68423A388A30022CAC6 /* Bucketest.swift */; };
		C73CFBD799EA4993F46DA253 /* Pods_QCloudCOSXMLSwfitDemoTests.framework in Frameworks */ = {isa = PBXBuildFile; fileRef = 46C34C08569C1392765FE25C /* Pods_QCloudCOSXMLSwfitDemoTests.framework */; };
		D2B700A32475138C00F59994 /* QCloudMyBucketListCtor.swift in Sources */ = {isa = PBXBuildFile; fileRef = D2B700A22475138C00F59994 /* QCloudMyBucketListCtor.swift */; };
		D2B700B324751FB900F59994 /* QCCouldMyBucketCell.swift in Sources */ = {isa = PBXBuildFile; fileRef = D2B700B224751FB900F59994 /* QCCouldMyBucketCell.swift */; };
		D2B700B52476160100F59994 /* QCloudCreateBucketCtor.swift in Sources */ = {isa = PBXBuildFile; fileRef = D2B700B42476160100F59994 /* QCloudCreateBucketCtor.swift */; };
		D2B700B924764C0400F59994 /* QCloudFileListCtor.swift in Sources */ = {isa = PBXBuildFile; fileRef = D2B700B824764C0400F59994 /* QCloudFileListCtor.swift */; };
		D2B700C12476553C00F59994 /* BucketFileItemViewCell.swift in Sources */ = {isa = PBXBuildFile; fileRef = D2B700BF2476553C00F59994 /* BucketFileItemViewCell.swift */; };
		D2B700C824766EA700F59994 /* QCloudUploadNewCtor.swift in Sources */ = {isa = PBXBuildFile; fileRef = D2B700C724766EA700F59994 /* QCloudUploadNewCtor.swift */; };
		D2B700CA247692A700F59994 /* QCloudDownLoadNewCtor.swift in Sources */ = {isa = PBXBuildFile; fileRef = D2B700C9247692A700F59994 /* QCloudDownLoadNewCtor.swift */; };
		D2B7013B247B5FB900F59994 /* NSURL+FileExtension.m in Sources */ = {isa = PBXBuildFile; fileRef = D2B70135247B5FB900F59994 /* NSURL+FileExtension.m */; };
		D2B7013C247B5FB900F59994 /* QCloudBucketContents+Addition.m in Sources */ = {isa = PBXBuildFile; fileRef = D2B70136247B5FB900F59994 /* QCloudBucketContents+Addition.m */; };
		D2B7013D247B5FB900F59994 /* UIViewController+Loading.m in Sources */ = {isa = PBXBuildFile; fileRef = D2B70138247B5FB900F59994 /* UIViewController+Loading.m */; };
		D2B7013E247B5FB900F59994 /* NSString+UINCategory.m in Sources */ = {isa = PBXBuildFile; fileRef = D2B70139247B5FB900F59994 /* NSString+UINCategory.m */; };
/* End PBXBuildFile section */

/* Begin PBXContainerItemProxy section */
		7F3772DB238E073C005E53D7 /* PBXContainerItemProxy */ = {
			isa = PBXContainerItemProxy;
			containerPortal = 7F3772BC238E073A005E53D7 /* Project object */;
			proxyType = 1;
			remoteGlobalIDString = 7F3772C3238E073A005E53D7;
			remoteInfo = QCloudCOSXMLSwfitDemo;
		};
/* End PBXContainerItemProxy section */

/* Begin PBXFileReference section */
		46C34C08569C1392765FE25C /* Pods_QCloudCOSXMLSwfitDemoTests.framework */ = {isa = PBXFileReference; explicitFileType = wrapper.framework; includeInIndex = 0; path = Pods_QCloudCOSXMLSwfitDemoTests.framework; sourceTree = BUILT_PRODUCTS_DIR; };
		624010B7CA310E54DACF093E /* Pods_QCloudCOSXMLSwfitDemo.framework */ = {isa = PBXFileReference; explicitFileType = wrapper.framework; includeInIndex = 0; path = Pods_QCloudCOSXMLSwfitDemo.framework; sourceTree = BUILT_PRODUCTS_DIR; };
		7F00FF87238FE56600E189C2 /* QCloudCOSXMLRegionsController.swift */ = {isa = PBXFileReference; lastKnownFileType = sourcecode.swift; path = QCloudCOSXMLRegionsController.swift; sourceTree = "<group>"; };
		7F00FF89238FEC8000E189C2 /* QCloudUploadController.swift */ = {isa = PBXFileReference; lastKnownFileType = sourcecode.swift; path = QCloudUploadController.swift; sourceTree = "<group>"; };
		7F00FF8B238FED2500E189C2 /* QCloudTransferController.swift */ = {isa = PBXFileReference; lastKnownFileType = sourcecode.swift; path = QCloudTransferController.swift; sourceTree = "<group>"; };
		7F00FF8D238FEEC000E189C2 /* QCloudDownloadController.swift */ = {isa = PBXFileReference; lastKnownFileType = sourcecode.swift; path = QCloudDownloadController.swift; sourceTree = "<group>"; };
		7F00FF8F2390B14300E189C2 /* utils.swift */ = {isa = PBXFileReference; lastKnownFileType = sourcecode.swift; path = utils.swift; sourceTree = "<group>"; };
		7F00FF912391001200E189C2 /* cos_config.swift */ = {isa = PBXFileReference; lastKnownFileType = sourcecode.swift; path = cos_config.swift; sourceTree = "<group>"; };
		7F00FF932391042300E189C2 /* QCloudCOSXMLServiceConfiguration.swift */ = {isa = PBXFileReference; lastKnownFileType = sourcecode.swift; path = QCloudCOSXMLServiceConfiguration.swift; sourceTree = "<group>"; };
		7F00FF952391092300E189C2 /* QCloudCOSXMLSwfitDemo-Bridging-Header.h */ = {isa = PBXFileReference; lastKnownFileType = sourcecode.c.h; path = "QCloudCOSXMLSwfitDemo-Bridging-Header.h"; sourceTree = "<group>"; };
		7F3772C4238E073A005E53D7 /* QCloudCOSXMLSwfitDemo.app */ = {isa = PBXFileReference; explicitFileType = wrapper.application; includeInIndex = 0; path = QCloudCOSXMLSwfitDemo.app; sourceTree = BUILT_PRODUCTS_DIR; };
		7F3772C7238E073A005E53D7 /* AppDelegate.swift */ = {isa = PBXFileReference; lastKnownFileType = sourcecode.swift; path = AppDelegate.swift; sourceTree = "<group>"; };
		7F3772CB238E073A005E53D7 /* ViewController.swift */ = {isa = PBXFileReference; lastKnownFileType = sourcecode.swift; path = ViewController.swift; sourceTree = "<group>"; };
		7F3772CE238E073A005E53D7 /* Base */ = {isa = PBXFileReference; lastKnownFileType = file.storyboard; name = Base; path = Base.lproj/Main.storyboard; sourceTree = "<group>"; };
		7F3772D0238E073C005E53D7 /* Assets.xcassets */ = {isa = PBXFileReference; lastKnownFileType = folder.assetcatalog; path = Assets.xcassets; sourceTree = "<group>"; };
		7F3772D3238E073C005E53D7 /* Base */ = {isa = PBXFileReference; lastKnownFileType = file.storyboard; name = Base; path = Base.lproj/LaunchScreen.storyboard; sourceTree = "<group>"; };
		7F3772D5238E073C005E53D7 /* Info.plist */ = {isa = PBXFileReference; lastKnownFileType = text.plist.xml; path = Info.plist; sourceTree = "<group>"; };
		7F3772DA238E073C005E53D7 /* QCloudCOSXMLSwfitDemoTests.xctest */ = {isa = PBXFileReference; explicitFileType = wrapper.cfbundle; includeInIndex = 0; path = QCloudCOSXMLSwfitDemoTests.xctest; sourceTree = BUILT_PRODUCTS_DIR; };
		7F3772DE238E073C005E53D7 /* QCloudCOSXMLSwfitDemoTests.swift */ = {isa = PBXFileReference; lastKnownFileType = sourcecode.swift; path = QCloudCOSXMLSwfitDemoTests.swift; sourceTree = "<group>"; };
		7F3772E0238E073C005E53D7 /* Info.plist */ = {isa = PBXFileReference; lastKnownFileType = text.plist.xml; path = Info.plist; sourceTree = "<group>"; };
		7F3772EB238F6713005E53D7 /* COS.swift */ = {isa = PBXFileReference; lastKnownFileType = sourcecode.swift; path = COS.swift; sourceTree = "<group>"; };
		7F5848F423911F9200CC65BB /* QCloudFileDetailController.swift */ = {isa = PBXFileReference; lastKnownFileType = sourcecode.swift; path = QCloudFileDetailController.swift; sourceTree = "<group>"; wrapsLines = 0; };
		7F5848F62391202100CC65BB /* QCloudDownloadedFileInfo.swift */ = {isa = PBXFileReference; lastKnownFileType = sourcecode.swift; path = QCloudDownloadedFileInfo.swift; sourceTree = "<group>"; };
		7FA4B68423A388A30022CAC6 /* Bucketest.swift */ = {isa = PBXFileReference; lastKnownFileType = sourcecode.swift; path = Bucketest.swift; sourceTree = "<group>"; };
		A70B13D3387CEE32A023A3D6 /* Pods-QCloudCOSXMLSwfitDemoTests.debug.xcconfig */ = {isa = PBXFileReference; includeInIndex = 1; lastKnownFileType = text.xcconfig; name = "Pods-QCloudCOSXMLSwfitDemoTests.debug.xcconfig"; path = "Target Support Files/Pods-QCloudCOSXMLSwfitDemoTests/Pods-QCloudCOSXMLSwfitDemoTests.debug.xcconfig"; sourceTree = "<group>"; };
		A96B45D409879DFF449A628B /* Pods-QCloudCOSXMLSwfitDemo.debug.xcconfig */ = {isa = PBXFileReference; includeInIndex = 1; lastKnownFileType = text.xcconfig; name = "Pods-QCloudCOSXMLSwfitDemo.debug.xcconfig"; path = "Target Support Files/Pods-QCloudCOSXMLSwfitDemo/Pods-QCloudCOSXMLSwfitDemo.debug.xcconfig"; sourceTree = "<group>"; };
		D2B700A22475138C00F59994 /* QCloudMyBucketListCtor.swift */ = {isa = PBXFileReference; lastKnownFileType = sourcecode.swift; path = QCloudMyBucketListCtor.swift; sourceTree = "<group>"; };
		D2B700B1247517F800F59994 /* PrefixHeader.pch */ = {isa = PBXFileReference; lastKnownFileType = sourcecode.c.h; path = PrefixHeader.pch; sourceTree = "<group>"; };
		D2B700B224751FB900F59994 /* QCCouldMyBucketCell.swift */ = {isa = PBXFileReference; lastKnownFileType = sourcecode.swift; path = QCCouldMyBucketCell.swift; sourceTree = "<group>"; };
		D2B700B42476160100F59994 /* QCloudCreateBucketCtor.swift */ = {isa = PBXFileReference; lastKnownFileType = sourcecode.swift; path = QCloudCreateBucketCtor.swift; sourceTree = "<group>"; };
		D2B700B824764C0400F59994 /* QCloudFileListCtor.swift */ = {isa = PBXFileReference; lastKnownFileType = sourcecode.swift; path = QCloudFileListCtor.swift; sourceTree = "<group>"; };
		D2B700BF2476553C00F59994 /* BucketFileItemViewCell.swift */ = {isa = PBXFileReference; lastKnownFileType = sourcecode.swift; path = BucketFileItemViewCell.swift; sourceTree = "<group>"; };
		D2B700C724766EA700F59994 /* QCloudUploadNewCtor.swift */ = {isa = PBXFileReference; lastKnownFileType = sourcecode.swift; path = QCloudUploadNewCtor.swift; sourceTree = "<group>"; };
		D2B700C9247692A700F59994 /* QCloudDownLoadNewCtor.swift */ = {isa = PBXFileReference; lastKnownFileType = sourcecode.swift; path = QCloudDownLoadNewCtor.swift; sourceTree = "<group>"; };
		D2B70133247B5FB900F59994 /* NSURL+FileExtension.h */ = {isa = PBXFileReference; fileEncoding = 4; lastKnownFileType = sourcecode.c.h; path = "NSURL+FileExtension.h"; sourceTree = "<group>"; };
		D2B70134247B5FB900F59994 /* QCloudBucketContents+Addition.h */ = {isa = PBXFileReference; fileEncoding = 4; lastKnownFileType = sourcecode.c.h; path = "QCloudBucketContents+Addition.h"; sourceTree = "<group>"; };
		D2B70135247B5FB900F59994 /* NSURL+FileExtension.m */ = {isa = PBXFileReference; fileEncoding = 4; lastKnownFileType = sourcecode.c.objc; path = "NSURL+FileExtension.m"; sourceTree = "<group>"; };
		D2B70136247B5FB900F59994 /* QCloudBucketContents+Addition.m */ = {isa = PBXFileReference; fileEncoding = 4; lastKnownFileType = sourcecode.c.objc; path = "QCloudBucketContents+Addition.m"; sourceTree = "<group>"; };
		D2B70137247B5FB900F59994 /* NSString+UINCategory.h */ = {isa = PBXFileReference; fileEncoding = 4; lastKnownFileType = sourcecode.c.h; path = "NSString+UINCategory.h"; sourceTree = "<group>"; };
		D2B70138247B5FB900F59994 /* UIViewController+Loading.m */ = {isa = PBXFileReference; fileEncoding = 4; lastKnownFileType = sourcecode.c.objc; path = "UIViewController+Loading.m"; sourceTree = "<group>"; };
		D2B70139247B5FB900F59994 /* NSString+UINCategory.m */ = {isa = PBXFileReference; fileEncoding = 4; lastKnownFileType = sourcecode.c.objc; path = "NSString+UINCategory.m"; sourceTree = "<group>"; };
		D2B7013A247B5FB900F59994 /* UIViewController+Loading.h */ = {isa = PBXFileReference; fileEncoding = 4; lastKnownFileType = sourcecode.c.h; path = "UIViewController+Loading.h"; sourceTree = "<group>"; };
		D3C7C516894178B065E111F3 /* Pods-QCloudCOSXMLSwfitDemoTests.release.xcconfig */ = {isa = PBXFileReference; includeInIndex = 1; lastKnownFileType = text.xcconfig; name = "Pods-QCloudCOSXMLSwfitDemoTests.release.xcconfig"; path = "Target Support Files/Pods-QCloudCOSXMLSwfitDemoTests/Pods-QCloudCOSXMLSwfitDemoTests.release.xcconfig"; sourceTree = "<group>"; };
		D9F2BFB4CEE0893FA7E11E48 /* Pods-QCloudCOSXMLSwfitDemo.release.xcconfig */ = {isa = PBXFileReference; includeInIndex = 1; lastKnownFileType = text.xcconfig; name = "Pods-QCloudCOSXMLSwfitDemo.release.xcconfig"; path = "Target Support Files/Pods-QCloudCOSXMLSwfitDemo/Pods-QCloudCOSXMLSwfitDemo.release.xcconfig"; sourceTree = "<group>"; };
/* End PBXFileReference section */

/* Begin PBXFrameworksBuildPhase section */
		7F3772C1238E073A005E53D7 /* Frameworks */ = {
			isa = PBXFrameworksBuildPhase;
			buildActionMask = 2147483647;
			files = (
				76FA7FF4F1EB32901A7F50ED /* Pods_QCloudCOSXMLSwfitDemo.framework in Frameworks */,
			);
			runOnlyForDeploymentPostprocessing = 0;
		};
		7F3772D7238E073C005E53D7 /* Frameworks */ = {
			isa = PBXFrameworksBuildPhase;
			buildActionMask = 2147483647;
			files = (
				C73CFBD799EA4993F46DA253 /* Pods_QCloudCOSXMLSwfitDemoTests.framework in Frameworks */,
			);
			runOnlyForDeploymentPostprocessing = 0;
		};
/* End PBXFrameworksBuildPhase section */

/* Begin PBXGroup section */
		0949A164BBDBD61CAD44DA6A /* Pods */ = {
			isa = PBXGroup;
			children = (
				A96B45D409879DFF449A628B /* Pods-QCloudCOSXMLSwfitDemo.debug.xcconfig */,
				D9F2BFB4CEE0893FA7E11E48 /* Pods-QCloudCOSXMLSwfitDemo.release.xcconfig */,
				A70B13D3387CEE32A023A3D6 /* Pods-QCloudCOSXMLSwfitDemoTests.debug.xcconfig */,
				D3C7C516894178B065E111F3 /* Pods-QCloudCOSXMLSwfitDemoTests.release.xcconfig */,
			);
			path = Pods;
			sourceTree = "<group>";
		};
		7F3772BB238E073A005E53D7 = {
			isa = PBXGroup;
			children = (
				7F3772C6238E073A005E53D7 /* QCloudCOSXMLSwfitDemo */,
				7F3772DD238E073C005E53D7 /* QCloudCOSXMLSwfitDemoTests */,
				7F3772C5238E073A005E53D7 /* Products */,
				0949A164BBDBD61CAD44DA6A /* Pods */,
				B7ED12212167F3574EC05E49 /* Frameworks */,
			);
			sourceTree = "<group>";
		};
		7F3772C5238E073A005E53D7 /* Products */ = {
			isa = PBXGroup;
			children = (
				7F3772C4238E073A005E53D7 /* QCloudCOSXMLSwfitDemo.app */,
				7F3772DA238E073C005E53D7 /* QCloudCOSXMLSwfitDemoTests.xctest */,
			);
			name = Products;
			sourceTree = "<group>";
		};
		7F3772C6238E073A005E53D7 /* QCloudCOSXMLSwfitDemo */ = {
			isa = PBXGroup;
			children = (
				D2B700A4247513F700F59994 /* Category */,
				D2B700A12473F6AA00F59994 /* BucketModule */,
				D2B700A02473F69000F59994 /* DownloadModule */,
				D2B7009F2473F67400F59994 /* UploadModule */,
				D2B7009E2473F65D00F59994 /* HomeModule */,
				7F3772C7238E073A005E53D7 /* AppDelegate.swift */,
				7F3772CB238E073A005E53D7 /* ViewController.swift */,
				7F00FF87238FE56600E189C2 /* QCloudCOSXMLRegionsController.swift */,
				7F00FF932391042300E189C2 /* QCloudCOSXMLServiceConfiguration.swift */,
				7F00FF8F2390B14300E189C2 /* utils.swift */,
				7F00FF912391001200E189C2 /* cos_config.swift */,
				7F3772CD238E073A005E53D7 /* Main.storyboard */,
				7F3772D0238E073C005E53D7 /* Assets.xcassets */,
				7F3772D2238E073C005E53D7 /* LaunchScreen.storyboard */,
				7F3772D5238E073C005E53D7 /* Info.plist */,
				7F3772EB238F6713005E53D7 /* COS.swift */,
				7F00FF952391092300E189C2 /* QCloudCOSXMLSwfitDemo-Bridging-Header.h */,
				D2B700B1247517F800F59994 /* PrefixHeader.pch */,
			);
			path = QCloudCOSXMLSwfitDemo;
			sourceTree = "<group>";
		};
		7F3772DD238E073C005E53D7 /* QCloudCOSXMLSwfitDemoTests */ = {
			isa = PBXGroup;
			children = (
				7FA4B68423A388A30022CAC6 /* Bucketest.swift */,
				7F3772DE238E073C005E53D7 /* QCloudCOSXMLSwfitDemoTests.swift */,
				7F3772E0238E073C005E53D7 /* Info.plist */,
			);
			path = QCloudCOSXMLSwfitDemoTests;
			sourceTree = "<group>";
		};
		B7ED12212167F3574EC05E49 /* Frameworks */ = {
			isa = PBXGroup;
			children = (
				624010B7CA310E54DACF093E /* Pods_QCloudCOSXMLSwfitDemo.framework */,
				46C34C08569C1392765FE25C /* Pods_QCloudCOSXMLSwfitDemoTests.framework */,
			);
			name = Frameworks;
			sourceTree = "<group>";
		};
		D2B7009E2473F65D00F59994 /* HomeModule */ = {
			isa = PBXGroup;
			children = (
				D2B700A22475138C00F59994 /* QCloudMyBucketListCtor.swift */,
				D2B700B224751FB900F59994 /* QCCouldMyBucketCell.swift */,
				7F00FF8B238FED2500E189C2 /* QCloudTransferController.swift */,
			);
			path = HomeModule;
			sourceTree = "<group>";
		};
		D2B7009F2473F67400F59994 /* UploadModule */ = {
			isa = PBXGroup;
			children = (
				D2B700C724766EA700F59994 /* QCloudUploadNewCtor.swift */,
				7F00FF89238FEC8000E189C2 /* QCloudUploadController.swift */,
			);
			path = UploadModule;
			sourceTree = "<group>";
		};
		D2B700A02473F69000F59994 /* DownloadModule */ = {
			isa = PBXGroup;
			children = (
				D2B700C9247692A700F59994 /* QCloudDownLoadNewCtor.swift */,
				7F00FF8D238FEEC000E189C2 /* QCloudDownloadController.swift */,
				7F5848F62391202100CC65BB /* QCloudDownloadedFileInfo.swift */,
				7F5848F423911F9200CC65BB /* QCloudFileDetailController.swift */,
			);
			path = DownloadModule;
			sourceTree = "<group>";
		};
		D2B700A12473F6AA00F59994 /* BucketModule */ = {
			isa = PBXGroup;
			children = (
				D2B700B42476160100F59994 /* QCloudCreateBucketCtor.swift */,
				D2B700B824764C0400F59994 /* QCloudFileListCtor.swift */,
				D2B700BF2476553C00F59994 /* BucketFileItemViewCell.swift */,
			);
			path = BucketModule;
			sourceTree = "<group>";
		};
		D2B700A4247513F700F59994 /* Category */ = {
			isa = PBXGroup;
			children = (
				D2B70137247B5FB900F59994 /* NSString+UINCategory.h */,
				D2B70139247B5FB900F59994 /* NSString+UINCategory.m */,
				D2B70133247B5FB900F59994 /* NSURL+FileExtension.h */,
				D2B70135247B5FB900F59994 /* NSURL+FileExtension.m */,
				D2B70134247B5FB900F59994 /* QCloudBucketContents+Addition.h */,
				D2B70136247B5FB900F59994 /* QCloudBucketContents+Addition.m */,
				D2B7013A247B5FB900F59994 /* UIViewController+Loading.h */,
				D2B70138247B5FB900F59994 /* UIViewController+Loading.m */,
			);
			path = Category;
			sourceTree = "<group>";
		};
/* End PBXGroup section */

/* Begin PBXNativeTarget section */
		7F3772C3238E073A005E53D7 /* QCloudCOSXMLSwfitDemo */ = {
			isa = PBXNativeTarget;
			buildConfigurationList = 7F3772E3238E073C005E53D7 /* Build configuration list for PBXNativeTarget "QCloudCOSXMLSwfitDemo" */;
			buildPhases = (
				6C3A9CF73CAD87DCED866703 /* [CP] Check Pods Manifest.lock */,
				7F3772C0238E073A005E53D7 /* Sources */,
				7F3772C1238E073A005E53D7 /* Frameworks */,
				7F3772C2238E073A005E53D7 /* Resources */,
			);
			buildRules = (
			);
			dependencies = (
			);
			name = QCloudCOSXMLSwfitDemo;
			productName = QCloudCOSXMLSwfitDemo;
			productReference = 7F3772C4238E073A005E53D7 /* QCloudCOSXMLSwfitDemo.app */;
			productType = "com.apple.product-type.application";
		};
		7F3772D9238E073C005E53D7 /* QCloudCOSXMLSwfitDemoTests */ = {
			isa = PBXNativeTarget;
			buildConfigurationList = 7F3772E6238E073C005E53D7 /* Build configuration list for PBXNativeTarget "QCloudCOSXMLSwfitDemoTests" */;
			buildPhases = (
				9B33B8DE5D3E2275B655D442 /* [CP] Check Pods Manifest.lock */,
				7F3772D6238E073C005E53D7 /* Sources */,
				7F3772D7238E073C005E53D7 /* Frameworks */,
				7F3772D8238E073C005E53D7 /* Resources */,
			);
			buildRules = (
			);
			dependencies = (
				7F3772DC238E073C005E53D7 /* PBXTargetDependency */,
			);
			name = QCloudCOSXMLSwfitDemoTests;
			productName = QCloudCOSXMLSwfitDemoTests;
			productReference = 7F3772DA238E073C005E53D7 /* QCloudCOSXMLSwfitDemoTests.xctest */;
			productType = "com.apple.product-type.bundle.unit-test";
		};
/* End PBXNativeTarget section */

/* Begin PBXProject section */
		7F3772BC238E073A005E53D7 /* Project object */ = {
			isa = PBXProject;
			attributes = {
				LastSwiftUpdateCheck = 1120;
				LastUpgradeCheck = 1120;
				ORGANIZATIONNAME = tencentyun.com;
				TargetAttributes = {
					7F3772C3238E073A005E53D7 = {
						CreatedOnToolsVersion = 11.2.1;
						LastSwiftMigration = 1120;
					};
					7F3772D9238E073C005E53D7 = {
						CreatedOnToolsVersion = 11.2.1;
						TestTargetID = 7F3772C3238E073A005E53D7;
					};
				};
			};
			buildConfigurationList = 7F3772BF238E073A005E53D7 /* Build configuration list for PBXProject "QCloudCOSXMLSwfitDemo" */;
			compatibilityVersion = "Xcode 9.3";
			developmentRegion = en;
			hasScannedForEncodings = 0;
			knownRegions = (
				en,
				Base,
			);
			mainGroup = 7F3772BB238E073A005E53D7;
			productRefGroup = 7F3772C5238E073A005E53D7 /* Products */;
			projectDirPath = "";
			projectRoot = "";
			targets = (
				7F3772C3238E073A005E53D7 /* QCloudCOSXMLSwfitDemo */,
				7F3772D9238E073C005E53D7 /* QCloudCOSXMLSwfitDemoTests */,
			);
		};
/* End PBXProject section */

/* Begin PBXResourcesBuildPhase section */
		7F3772C2238E073A005E53D7 /* Resources */ = {
			isa = PBXResourcesBuildPhase;
			buildActionMask = 2147483647;
			files = (
				7F3772D4238E073C005E53D7 /* LaunchScreen.storyboard in Resources */,
				7F3772D1238E073C005E53D7 /* Assets.xcassets in Resources */,
				7F3772CF238E073A005E53D7 /* Main.storyboard in Resources */,
			);
			runOnlyForDeploymentPostprocessing = 0;
		};
		7F3772D8238E073C005E53D7 /* Resources */ = {
			isa = PBXResourcesBuildPhase;
			buildActionMask = 2147483647;
			files = (
			);
			runOnlyForDeploymentPostprocessing = 0;
		};
/* End PBXResourcesBuildPhase section */

/* Begin PBXShellScriptBuildPhase section */
		6C3A9CF73CAD87DCED866703 /* [CP] Check Pods Manifest.lock */ = {
			isa = PBXShellScriptBuildPhase;
			buildActionMask = 2147483647;
			files = (
			);
			inputFileListPaths = (
			);
			inputPaths = (
				"${PODS_PODFILE_DIR_PATH}/Podfile.lock",
				"${PODS_ROOT}/Manifest.lock",
			);
			name = "[CP] Check Pods Manifest.lock";
			outputFileListPaths = (
			);
			outputPaths = (
				"$(DERIVED_FILE_DIR)/Pods-QCloudCOSXMLSwfitDemo-checkManifestLockResult.txt",
			);
			runOnlyForDeploymentPostprocessing = 0;
			shellPath = /bin/sh;
			shellScript = "diff \"${PODS_PODFILE_DIR_PATH}/Podfile.lock\" \"${PODS_ROOT}/Manifest.lock\" > /dev/null\nif [ $? != 0 ] ; then\n    # print error to STDERR\n    echo \"error: The sandbox is not in sync with the Podfile.lock. Run 'pod install' or update your CocoaPods installation.\" >&2\n    exit 1\nfi\n# This output is used by Xcode 'outputs' to avoid re-running this script phase.\necho \"SUCCESS\" > \"${SCRIPT_OUTPUT_FILE_0}\"\n";
			showEnvVarsInLog = 0;
		};
		9B33B8DE5D3E2275B655D442 /* [CP] Check Pods Manifest.lock */ = {
			isa = PBXShellScriptBuildPhase;
			buildActionMask = 2147483647;
			files = (
			);
			inputFileListPaths = (
			);
			inputPaths = (
				"${PODS_PODFILE_DIR_PATH}/Podfile.lock",
				"${PODS_ROOT}/Manifest.lock",
			);
			name = "[CP] Check Pods Manifest.lock";
			outputFileListPaths = (
			);
			outputPaths = (
				"$(DERIVED_FILE_DIR)/Pods-QCloudCOSXMLSwfitDemoTests-checkManifestLockResult.txt",
			);
			runOnlyForDeploymentPostprocessing = 0;
			shellPath = /bin/sh;
			shellScript = "diff \"${PODS_PODFILE_DIR_PATH}/Podfile.lock\" \"${PODS_ROOT}/Manifest.lock\" > /dev/null\nif [ $? != 0 ] ; then\n    # print error to STDERR\n    echo \"error: The sandbox is not in sync with the Podfile.lock. Run 'pod install' or update your CocoaPods installation.\" >&2\n    exit 1\nfi\n# This output is used by Xcode 'outputs' to avoid re-running this script phase.\necho \"SUCCESS\" > \"${SCRIPT_OUTPUT_FILE_0}\"\n";
			showEnvVarsInLog = 0;
		};
/* End PBXShellScriptBuildPhase section */

/* Begin PBXSourcesBuildPhase section */
		7F3772C0238E073A005E53D7 /* Sources */ = {
			isa = PBXSourcesBuildPhase;
			buildActionMask = 2147483647;
			files = (
				D2B700B52476160100F59994 /* QCloudCreateBucketCtor.swift in Sources */,
				7F00FF942391042300E189C2 /* QCloudCOSXMLServiceConfiguration.swift in Sources */,
				D2B7013E247B5FB900F59994 /* NSString+UINCategory.m in Sources */,
				7F00FF88238FE56600E189C2 /* QCloudCOSXMLRegionsController.swift in Sources */,
				7F00FF8E238FEEC000E189C2 /* QCloudDownloadController.swift in Sources */,
				7F3772CC238E073A005E53D7 /* ViewController.swift in Sources */,
				7F00FF8C238FED2500E189C2 /* QCloudTransferController.swift in Sources */,
				D2B700B324751FB900F59994 /* QCCouldMyBucketCell.swift in Sources */,
				7F00FF8A238FEC8000E189C2 /* QCloudUploadController.swift in Sources */,
				7F00FF922391001200E189C2 /* cos_config.swift in Sources */,
				D2B7013C247B5FB900F59994 /* QCloudBucketContents+Addition.m in Sources */,
				7F3772C8238E073A005E53D7 /* AppDelegate.swift in Sources */,
				7F5848F72391202100CC65BB /* QCloudDownloadedFileInfo.swift in Sources */,
				7F5848F523911F9200CC65BB /* QCloudFileDetailController.swift in Sources */,
				7F3772EC238F6713005E53D7 /* COS.swift in Sources */,
				D2B700C824766EA700F59994 /* QCloudUploadNewCtor.swift in Sources */,
				D2B700C12476553C00F59994 /* BucketFileItemViewCell.swift in Sources */,
				7F00FF902390B14300E189C2 /* utils.swift in Sources */,
				D2B7013B247B5FB900F59994 /* NSURL+FileExtension.m in Sources */,
				D2B700CA247692A700F59994 /* QCloudDownLoadNewCtor.swift in Sources */,
				D2B7013D247B5FB900F59994 /* UIViewController+Loading.m in Sources */,
				D2B700A32475138C00F59994 /* QCloudMyBucketListCtor.swift in Sources */,
				D2B700B924764C0400F59994 /* QCloudFileListCtor.swift in Sources */,
			);
			runOnlyForDeploymentPostprocessing = 0;
		};
		7F3772D6238E073C005E53D7 /* Sources */ = {
			isa = PBXSourcesBuildPhase;
			buildActionMask = 2147483647;
			files = (
				7FA4B68523A388A30022CAC6 /* Bucketest.swift in Sources */,
				7F3772DF238E073C005E53D7 /* QCloudCOSXMLSwfitDemoTests.swift in Sources */,
			);
			runOnlyForDeploymentPostprocessing = 0;
		};
/* End PBXSourcesBuildPhase section */

/* Begin PBXTargetDependency section */
		7F3772DC238E073C005E53D7 /* PBXTargetDependency */ = {
			isa = PBXTargetDependency;
			target = 7F3772C3238E073A005E53D7 /* QCloudCOSXMLSwfitDemo */;
			targetProxy = 7F3772DB238E073C005E53D7 /* PBXContainerItemProxy */;
		};
/* End PBXTargetDependency section */

/* Begin PBXVariantGroup section */
		7F3772CD238E073A005E53D7 /* Main.storyboard */ = {
			isa = PBXVariantGroup;
			children = (
				7F3772CE238E073A005E53D7 /* Base */,
			);
			name = Main.storyboard;
			sourceTree = "<group>";
		};
		7F3772D2238E073C005E53D7 /* LaunchScreen.storyboard */ = {
			isa = PBXVariantGroup;
			children = (
				7F3772D3238E073C005E53D7 /* Base */,
			);
			name = LaunchScreen.storyboard;
			sourceTree = "<group>";
		};
/* End PBXVariantGroup section */

/* Begin XCBuildConfiguration section */
		7F3772E1238E073C005E53D7 /* Debug */ = {
			isa = XCBuildConfiguration;
			buildSettings = {
				ALWAYS_SEARCH_USER_PATHS = NO;
				CLANG_ANALYZER_NONNULL = YES;
				CLANG_ANALYZER_NUMBER_OBJECT_CONVERSION = YES_AGGRESSIVE;
				CLANG_CXX_LANGUAGE_STANDARD = "gnu++14";
				CLANG_CXX_LIBRARY = "libc++";
				CLANG_ENABLE_MODULES = YES;
				CLANG_ENABLE_OBJC_ARC = YES;
				CLANG_ENABLE_OBJC_WEAK = YES;
				CLANG_WARN_BLOCK_CAPTURE_AUTORELEASING = YES;
				CLANG_WARN_BOOL_CONVERSION = YES;
				CLANG_WARN_COMMA = YES;
				CLANG_WARN_CONSTANT_CONVERSION = YES;
				CLANG_WARN_DEPRECATED_OBJC_IMPLEMENTATIONS = YES;
				CLANG_WARN_DIRECT_OBJC_ISA_USAGE = YES_ERROR;
				CLANG_WARN_DOCUMENTATION_COMMENTS = YES;
				CLANG_WARN_EMPTY_BODY = YES;
				CLANG_WARN_ENUM_CONVERSION = YES;
				CLANG_WARN_INFINITE_RECURSION = YES;
				CLANG_WARN_INT_CONVERSION = YES;
				CLANG_WARN_NON_LITERAL_NULL_CONVERSION = YES;
				CLANG_WARN_OBJC_IMPLICIT_RETAIN_SELF = YES;
				CLANG_WARN_OBJC_LITERAL_CONVERSION = YES;
				CLANG_WARN_OBJC_ROOT_CLASS = YES_ERROR;
				CLANG_WARN_RANGE_LOOP_ANALYSIS = YES;
				CLANG_WARN_STRICT_PROTOTYPES = YES;
				CLANG_WARN_SUSPICIOUS_MOVE = YES;
				CLANG_WARN_UNGUARDED_AVAILABILITY = YES_AGGRESSIVE;
				CLANG_WARN_UNREACHABLE_CODE = YES;
				CLANG_WARN__DUPLICATE_METHOD_MATCH = YES;
				COPY_PHASE_STRIP = NO;
				DEBUG_INFORMATION_FORMAT = dwarf;
				ENABLE_STRICT_OBJC_MSGSEND = YES;
				ENABLE_TESTABILITY = YES;
				GCC_C_LANGUAGE_STANDARD = gnu11;
				GCC_DYNAMIC_NO_PIC = NO;
				GCC_NO_COMMON_BLOCKS = YES;
				GCC_OPTIMIZATION_LEVEL = 0;
				GCC_PREPROCESSOR_DEFINITIONS = (
					"DEBUG=1",
					"$(inherited)",
				);
				GCC_WARN_64_TO_32_BIT_CONVERSION = YES;
				GCC_WARN_ABOUT_RETURN_TYPE = YES_ERROR;
				GCC_WARN_UNDECLARED_SELECTOR = YES;
				GCC_WARN_UNINITIALIZED_AUTOS = YES_AGGRESSIVE;
				GCC_WARN_UNUSED_FUNCTION = YES;
				GCC_WARN_UNUSED_VARIABLE = YES;
				IPHONEOS_DEPLOYMENT_TARGET = 13.2;
				MTL_ENABLE_DEBUG_INFO = INCLUDE_SOURCE;
				MTL_FAST_MATH = YES;
				ONLY_ACTIVE_ARCH = YES;
				SDKROOT = iphoneos;
				SWIFT_ACTIVE_COMPILATION_CONDITIONS = DEBUG;
				SWIFT_OPTIMIZATION_LEVEL = "-Onone";
			};
			name = Debug;
		};
		7F3772E2238E073C005E53D7 /* Release */ = {
			isa = XCBuildConfiguration;
			buildSettings = {
				ALWAYS_SEARCH_USER_PATHS = NO;
				CLANG_ANALYZER_NONNULL = YES;
				CLANG_ANALYZER_NUMBER_OBJECT_CONVERSION = YES_AGGRESSIVE;
				CLANG_CXX_LANGUAGE_STANDARD = "gnu++14";
				CLANG_CXX_LIBRARY = "libc++";
				CLANG_ENABLE_MODULES = YES;
				CLANG_ENABLE_OBJC_ARC = YES;
				CLANG_ENABLE_OBJC_WEAK = YES;
				CLANG_WARN_BLOCK_CAPTURE_AUTORELEASING = YES;
				CLANG_WARN_BOOL_CONVERSION = YES;
				CLANG_WARN_COMMA = YES;
				CLANG_WARN_CONSTANT_CONVERSION = YES;
				CLANG_WARN_DEPRECATED_OBJC_IMPLEMENTATIONS = YES;
				CLANG_WARN_DIRECT_OBJC_ISA_USAGE = YES_ERROR;
				CLANG_WARN_DOCUMENTATION_COMMENTS = YES;
				CLANG_WARN_EMPTY_BODY = YES;
				CLANG_WARN_ENUM_CONVERSION = YES;
				CLANG_WARN_INFINITE_RECURSION = YES;
				CLANG_WARN_INT_CONVERSION = YES;
				CLANG_WARN_NON_LITERAL_NULL_CONVERSION = YES;
				CLANG_WARN_OBJC_IMPLICIT_RETAIN_SELF = YES;
				CLANG_WARN_OBJC_LITERAL_CONVERSION = YES;
				CLANG_WARN_OBJC_ROOT_CLASS = YES_ERROR;
				CLANG_WARN_RANGE_LOOP_ANALYSIS = YES;
				CLANG_WARN_STRICT_PROTOTYPES = YES;
				CLANG_WARN_SUSPICIOUS_MOVE = YES;
				CLANG_WARN_UNGUARDED_AVAILABILITY = YES_AGGRESSIVE;
				CLANG_WARN_UNREACHABLE_CODE = YES;
				CLANG_WARN__DUPLICATE_METHOD_MATCH = YES;
				COPY_PHASE_STRIP = NO;
				DEBUG_INFORMATION_FORMAT = "dwarf-with-dsym";
				ENABLE_NS_ASSERTIONS = NO;
				ENABLE_STRICT_OBJC_MSGSEND = YES;
				GCC_C_LANGUAGE_STANDARD = gnu11;
				GCC_NO_COMMON_BLOCKS = YES;
				GCC_WARN_64_TO_32_BIT_CONVERSION = YES;
				GCC_WARN_ABOUT_RETURN_TYPE = YES_ERROR;
				GCC_WARN_UNDECLARED_SELECTOR = YES;
				GCC_WARN_UNINITIALIZED_AUTOS = YES_AGGRESSIVE;
				GCC_WARN_UNUSED_FUNCTION = YES;
				GCC_WARN_UNUSED_VARIABLE = YES;
				IPHONEOS_DEPLOYMENT_TARGET = 13.2;
				MTL_ENABLE_DEBUG_INFO = NO;
				MTL_FAST_MATH = YES;
				SDKROOT = iphoneos;
				SWIFT_COMPILATION_MODE = wholemodule;
				SWIFT_OPTIMIZATION_LEVEL = "-O";
				VALIDATE_PRODUCT = YES;
			};
			name = Release;
		};
		7F3772E4238E073C005E53D7 /* Debug */ = {
			isa = XCBuildConfiguration;
			baseConfigurationReference = A96B45D409879DFF449A628B /* Pods-QCloudCOSXMLSwfitDemo.debug.xcconfig */;
			buildSettings = {
				ASSETCATALOG_COMPILER_APPICON_NAME = AppIcon;
				CLANG_ENABLE_MODULES = YES;
				CODE_SIGN_STYLE = Automatic;
				GCC_PRECOMPILE_PREFIX_HEADER = YES;
				GCC_PREFIX_HEADER = "$(SRCROOT)/QCloudCOSXMLSwfitDemo/PrefixHeader.pch";
				INFOPLIST_FILE = QCloudCOSXMLSwfitDemo/Info.plist;
				LD_RUNPATH_SEARCH_PATHS = (
					"$(inherited)",
					"@executable_path/Frameworks",
				);
				PRODUCT_BUNDLE_IDENTIFIER = tencent.QCloudCOSXMLSwfitDemo;
				PRODUCT_NAME = "$(TARGET_NAME)";
				SWIFT_OBJC_BRIDGING_HEADER = "QCloudCOSXMLSwfitDemo/QCloudCOSXMLSwfitDemo-Bridging-Header.h";
				SWIFT_OPTIMIZATION_LEVEL = "-Onone";
				SWIFT_VERSION = 5.0;
				TARGETED_DEVICE_FAMILY = "1,2";
			};
			name = Debug;
		};
		7F3772E5238E073C005E53D7 /* Release */ = {
			isa = XCBuildConfiguration;
			baseConfigurationReference = D9F2BFB4CEE0893FA7E11E48 /* Pods-QCloudCOSXMLSwfitDemo.release.xcconfig */;
			buildSettings = {
				ASSETCATALOG_COMPILER_APPICON_NAME = AppIcon;
				CLANG_ENABLE_MODULES = YES;
				CODE_SIGN_STYLE = Automatic;
				GCC_PRECOMPILE_PREFIX_HEADER = YES;
				GCC_PREFIX_HEADER = "$(SRCROOT)/QCloudCOSXMLSwfitDemo/PrefixHeader.pch";
				INFOPLIST_FILE = QCloudCOSXMLSwfitDemo/Info.plist;
				LD_RUNPATH_SEARCH_PATHS = (
					"$(inherited)",
					"@executable_path/Frameworks",
				);
				PRODUCT_BUNDLE_IDENTIFIER = tencent.QCloudCOSXMLSwfitDemo;
				PRODUCT_NAME = "$(TARGET_NAME)";
				SWIFT_OBJC_BRIDGING_HEADER = "QCloudCOSXMLSwfitDemo/QCloudCOSXMLSwfitDemo-Bridging-Header.h";
				SWIFT_VERSION = 5.0;
				TARGETED_DEVICE_FAMILY = "1,2";
			};
			name = Release;
		};
		7F3772E7238E073C005E53D7 /* Debug */ = {
			isa = XCBuildConfiguration;
			baseConfigurationReference = A70B13D3387CEE32A023A3D6 /* Pods-QCloudCOSXMLSwfitDemoTests.debug.xcconfig */;
			buildSettings = {
				ALWAYS_EMBED_SWIFT_STANDARD_LIBRARIES = YES;
				BUNDLE_LOADER = "$(TEST_HOST)";
				CODE_SIGN_STYLE = Automatic;
				INFOPLIST_FILE = QCloudCOSXMLSwfitDemoTests/Info.plist;
				IPHONEOS_DEPLOYMENT_TARGET = 13.2;
				LD_RUNPATH_SEARCH_PATHS = (
					"$(inherited)",
					"@executable_path/Frameworks",
					"@loader_path/Frameworks",
				);
				PRODUCT_BUNDLE_IDENTIFIER = tencent.QCloudCOSXMLSwfitDemoTests;
				PRODUCT_NAME = "$(TARGET_NAME)";
				SWIFT_VERSION = 5.0;
				TARGETED_DEVICE_FAMILY = "1,2";
				TEST_HOST = "$(BUILT_PRODUCTS_DIR)/QCloudCOSXMLSwfitDemo.app/QCloudCOSXMLSwfitDemo";
			};
			name = Debug;
		};
		7F3772E8238E073C005E53D7 /* Release */ = {
			isa = XCBuildConfiguration;
			baseConfigurationReference = D3C7C516894178B065E111F3 /* Pods-QCloudCOSXMLSwfitDemoTests.release.xcconfig */;
			buildSettings = {
				ALWAYS_EMBED_SWIFT_STANDARD_LIBRARIES = YES;
				BUNDLE_LOADER = "$(TEST_HOST)";
				CODE_SIGN_STYLE = Automatic;
				INFOPLIST_FILE = QCloudCOSXMLSwfitDemoTests/Info.plist;
				IPHONEOS_DEPLOYMENT_TARGET = 13.2;
				LD_RUNPATH_SEARCH_PATHS = (
					"$(inherited)",
					"@executable_path/Frameworks",
					"@loader_path/Frameworks",
				);
				PRODUCT_BUNDLE_IDENTIFIER = tencent.QCloudCOSXMLSwfitDemoTests;
				PRODUCT_NAME = "$(TARGET_NAME)";
				SWIFT_VERSION = 5.0;
				TARGETED_DEVICE_FAMILY = "1,2";
				TEST_HOST = "$(BUILT_PRODUCTS_DIR)/QCloudCOSXMLSwfitDemo.app/QCloudCOSXMLSwfitDemo";
			};
			name = Release;
		};
/* End XCBuildConfiguration section */

/* Begin XCConfigurationList section */
		7F3772BF238E073A005E53D7 /* Build configuration list for PBXProject "QCloudCOSXMLSwfitDemo" */ = {
			isa = XCConfigurationList;
			buildConfigurations = (
				7F3772E1238E073C005E53D7 /* Debug */,
				7F3772E2238E073C005E53D7 /* Release */,
			);
			defaultConfigurationIsVisible = 0;
			defaultConfigurationName = Release;
		};
		7F3772E3238E073C005E53D7 /* Build configuration list for PBXNativeTarget "QCloudCOSXMLSwfitDemo" */ = {
			isa = XCConfigurationList;
			buildConfigurations = (
				7F3772E4238E073C005E53D7 /* Debug */,
				7F3772E5238E073C005E53D7 /* Release */,
			);
			defaultConfigurationIsVisible = 0;
			defaultConfigurationName = Release;
		};
		7F3772E6238E073C005E53D7 /* Build configuration list for PBXNativeTarget "QCloudCOSXMLSwfitDemoTests" */ = {
			isa = XCConfigurationList;
			buildConfigurations = (
				7F3772E7238E073C005E53D7 /* Debug */,
				7F3772E8238E073C005E53D7 /* Release */,
			);
			defaultConfigurationIsVisible = 0;
			defaultConfigurationName = Release;
		};
/* End XCConfigurationList section */
	};
	rootObject = 7F3772BC238E073A005E53D7 /* Project object */;
}
